// !$*UTF8*$!
{
	archiveVersion = 1;
	classes = {
	};
	objectVersion = 46;
	objects = {

/* Begin PBXBuildFile section */
		7F59D1BA1CB0161C005FED53 /* main.m in Sources */ = {isa = PBXBuildFile; fileRef = 7F59D1B91CB0161C005FED53 /* main.m */; };
		7F59D1BD1CB0161C005FED53 /* AppDelegate.m in Sources */ = {isa = PBXBuildFile; fileRef = 7F59D1BC1CB0161C005FED53 /* AppDelegate.m */; };
		7F59D1C01CB0161C005FED53 /* ViewController.m in Sources */ = {isa = PBXBuildFile; fileRef = 7F59D1BF1CB0161C005FED53 /* ViewController.m */; };
		7F59D1C31CB0161C005FED53 /* Main.storyboard in Resources */ = {isa = PBXBuildFile; fileRef = 7F59D1C11CB0161C005FED53 /* Main.storyboard */; };
		7F59D1C51CB0161C005FED53 /* Assets.xcassets in Resources */ = {isa = PBXBuildFile; fileRef = 7F59D1C41CB0161C005FED53 /* Assets.xcassets */; };
		7F59D1C81CB0161C005FED53 /* LaunchScreen.storyboard in Resources */ = {isa = PBXBuildFile; fileRef = 7F59D1C61CB0161C005FED53 /* LaunchScreen.storyboard */; };
		7F59D1D31CB0161C005FED53 /* YATimerDemoTests.m in Sources */ = {isa = PBXBuildFile; fileRef = 7F59D1D21CB0161C005FED53 /* YATimerDemoTests.m */; };
		7F59D1DE1CB0161C005FED53 /* YATimerDemoUITests.m in Sources */ = {isa = PBXBuildFile; fileRef = 7F59D1DD1CB0161C005FED53 /* YATimerDemoUITests.m */; };
		7F59D1F01CB01664005FED53 /* YATimer.m in Sources */ = {isa = PBXBuildFile; fileRef = 7F59D1ED1CB01664005FED53 /* YATimer.m */; };
		7F59D1F11CB01664005FED53 /* YATimerBridge.m in Sources */ = {isa = PBXBuildFile; fileRef = 7F59D1EF1CB01664005FED53 /* YATimerBridge.m */; };
/* End PBXBuildFile section */

/* Begin PBXContainerItemProxy section */
		7F59D1CF1CB0161C005FED53 /* PBXContainerItemProxy */ = {
			isa = PBXContainerItemProxy;
			containerPortal = 7F59D1AD1CB0161C005FED53 /* Project object */;
			proxyType = 1;
			remoteGlobalIDString = 7F59D1B41CB0161C005FED53;
			remoteInfo = YATimerDemo;
		};
		7F59D1DA1CB0161C005FED53 /* PBXContainerItemProxy */ = {
			isa = PBXContainerItemProxy;
			containerPortal = 7F59D1AD1CB0161C005FED53 /* Project object */;
			proxyType = 1;
			remoteGlobalIDString = 7F59D1B41CB0161C005FED53;
			remoteInfo = YATimerDemo;
		};
/* End PBXContainerItemProxy section */

/* Begin PBXFileReference section */
		7F59D1B51CB0161C005FED53 /* YATimerDemo.app */ = {isa = PBXFileReference; explicitFileType = wrapper.application; includeInIndex = 0; path = YATimerDemo.app; sourceTree = BUILT_PRODUCTS_DIR; };
		7F59D1B91CB0161C005FED53 /* main.m */ = {isa = PBXFileReference; lastKnownFileType = sourcecode.c.objc; path = main.m; sourceTree = "<group>"; };
		7F59D1BB1CB0161C005FED53 /* AppDelegate.h */ = {isa = PBXFileReference; lastKnownFileType = sourcecode.c.h; path = AppDelegate.h; sourceTree = "<group>"; };
		7F59D1BC1CB0161C005FED53 /* AppDelegate.m */ = {isa = PBXFileReference; lastKnownFileType = sourcecode.c.objc; path = AppDelegate.m; sourceTree = "<group>"; };
		7F59D1BE1CB0161C005FED53 /* ViewController.h */ = {isa = PBXFileReference; lastKnownFileType = sourcecode.c.h; path = ViewController.h; sourceTree = "<group>"; };
		7F59D1BF1CB0161C005FED53 /* ViewController.m */ = {isa = PBXFileReference; lastKnownFileType = sourcecode.c.objc; path = ViewController.m; sourceTree = "<group>"; };
		7F59D1C21CB0161C005FED53 /* Base */ = {isa = PBXFileReference; lastKnownFileType = file.storyboard; name = Base; path = Base.lproj/Main.storyboard; sourceTree = "<group>"; };
		7F59D1C41CB0161C005FED53 /* Assets.xcassets */ = {isa = PBXFileReference; lastKnownFileType = folder.assetcatalog; path = Assets.xcassets; sourceTree = "<group>"; };
		7F59D1C71CB0161C005FED53 /* Base */ = {isa = PBXFileReference; lastKnownFileType = file.storyboard; name = Base; path = Base.lproj/LaunchScreen.storyboard; sourceTree = "<group>"; };
		7F59D1C91CB0161C005FED53 /* Info.plist */ = {isa = PBXFileReference; lastKnownFileType = text.plist.xml; path = Info.plist; sourceTree = "<group>"; };
		7F59D1CE1CB0161C005FED53 /* YATimerDemoTests.xctest */ = {isa = PBXFileReference; explicitFileType = wrapper.cfbundle; includeInIndex = 0; path = YATimerDemoTests.xctest; sourceTree = BUILT_PRODUCTS_DIR; };
		7F59D1D21CB0161C005FED53 /* YATimerDemoTests.m */ = {isa = PBXFileReference; lastKnownFileType = sourcecode.c.objc; path = YATimerDemoTests.m; sourceTree = "<group>"; };
		7F59D1D41CB0161C005FED53 /* Info.plist */ = {isa = PBXFileReference; lastKnownFileType = text.plist.xml; path = Info.plist; sourceTree = "<group>"; };
		7F59D1D91CB0161C005FED53 /* YATimerDemoUITests.xctest */ = {isa = PBXFileReference; explicitFileType = wrapper.cfbundle; includeInIndex = 0; path = YATimerDemoUITests.xctest; sourceTree = BUILT_PRODUCTS_DIR; };
		7F59D1DD1CB0161C005FED53 /* YATimerDemoUITests.m */ = {isa = PBXFileReference; lastKnownFileType = sourcecode.c.objc; path = YATimerDemoUITests.m; sourceTree = "<group>"; };
		7F59D1DF1CB0161C005FED53 /* Info.plist */ = {isa = PBXFileReference; lastKnownFileType = text.plist.xml; path = Info.plist; sourceTree = "<group>"; };
		7F59D1EC1CB01664005FED53 /* YATimer.h */ = {isa = PBXFileReference; fileEncoding = 4; lastKnownFileType = sourcecode.c.h; path = YATimer.h; sourceTree = "<group>"; };
		7F59D1ED1CB01664005FED53 /* YATimer.m */ = {isa = PBXFileReference; fileEncoding = 4; lastKnownFileType = sourcecode.c.objc; path = YATimer.m; sourceTree = "<group>"; };
		7F59D1EE1CB01664005FED53 /* YATimerBridge.h */ = {isa = PBXFileReference; fileEncoding = 4; lastKnownFileType = sourcecode.c.h; path = YATimerBridge.h; sourceTree = "<group>"; };
		7F59D1EF1CB01664005FED53 /* YATimerBridge.m */ = {isa = PBXFileReference; fileEncoding = 4; lastKnownFileType = sourcecode.c.objc; path = YATimerBridge.m; sourceTree = "<group>"; };
/* End PBXFileReference section */

/* Begin PBXFrameworksBuildPhase section */
		7F59D1B21CB0161C005FED53 /* Frameworks */ = {
			isa = PBXFrameworksBuildPhase;
			buildActionMask = 2147483647;
			files = (
			);
			runOnlyForDeploymentPostprocessing = 0;
		};
		7F59D1CB1CB0161C005FED53 /* Frameworks */ = {
			isa = PBXFrameworksBuildPhase;
			buildActionMask = 2147483647;
			files = (
			);
			runOnlyForDeploymentPostprocessing = 0;
		};
		7F59D1D61CB0161C005FED53 /* Frameworks */ = {
			isa = PBXFrameworksBuildPhase;
			buildActionMask = 2147483647;
			files = (
			);
			runOnlyForDeploymentPostprocessing = 0;
		};
/* End PBXFrameworksBuildPhase section */

/* Begin PBXGroup section */
		7F59D1AC1CB0161C005FED53 = {
			isa = PBXGroup;
			children = (
				7F59D1B71CB0161C005FED53 /* YATimerDemo */,
				7F59D1D11CB0161C005FED53 /* YATimerDemoTests */,
				7F59D1DC1CB0161C005FED53 /* YATimerDemoUITests */,
				7F59D1B61CB0161C005FED53 /* Products */,
			);
			sourceTree = "<group>";
		};
		7F59D1B61CB0161C005FED53 /* Products */ = {
			isa = PBXGroup;
			children = (
				7F59D1B51CB0161C005FED53 /* YATimerDemo.app */,
				7F59D1CE1CB0161C005FED53 /* YATimerDemoTests.xctest */,
				7F59D1D91CB0161C005FED53 /* YATimerDemoUITests.xctest */,
			);
			name = Products;
			sourceTree = "<group>";
		};
		7F59D1B71CB0161C005FED53 /* YATimerDemo */ = {
			isa = PBXGroup;
			children = (
				7F59D1EB1CB01664005FED53 /* YATimer */,
				7F59D1BB1CB0161C005FED53 /* AppDelegate.h */,
				7F59D1BC1CB0161C005FED53 /* AppDelegate.m */,
				7F59D1BE1CB0161C005FED53 /* ViewController.h */,
				7F59D1BF1CB0161C005FED53 /* ViewController.m */,
				7F59D1C11CB0161C005FED53 /* Main.storyboard */,
				7F59D1C41CB0161C005FED53 /* Assets.xcassets */,
				7F59D1C61CB0161C005FED53 /* LaunchScreen.storyboard */,
				7F59D1C91CB0161C005FED53 /* Info.plist */,
				7F59D1B81CB0161C005FED53 /* Supporting Files */,
			);
			path = YATimerDemo;
			sourceTree = "<group>";
		};
		7F59D1B81CB0161C005FED53 /* Supporting Files */ = {
			isa = PBXGroup;
			children = (
				7F59D1B91CB0161C005FED53 /* main.m */,
			);
			name = "Supporting Files";
			sourceTree = "<group>";
		};
		7F59D1D11CB0161C005FED53 /* YATimerDemoTests */ = {
			isa = PBXGroup;
			children = (
				7F59D1D21CB0161C005FED53 /* YATimerDemoTests.m */,
				7F59D1D41CB0161C005FED53 /* Info.plist */,
			);
			path = YATimerDemoTests;
			sourceTree = "<group>";
		};
		7F59D1DC1CB0161C005FED53 /* YATimerDemoUITests */ = {
			isa = PBXGroup;
			children = (
				7F59D1DD1CB0161C005FED53 /* YATimerDemoUITests.m */,
				7F59D1DF1CB0161C005FED53 /* Info.plist */,
			);
			path = YATimerDemoUITests;
			sourceTree = "<group>";
		};
		7F59D1EB1CB01664005FED53 /* YATimer */ = {
			isa = PBXGroup;
			children = (
				7F59D1EC1CB01664005FED53 /* YATimer.h */,
				7F59D1ED1CB01664005FED53 /* YATimer.m */,
				7F59D1EE1CB01664005FED53 /* YATimerBridge.h */,
				7F59D1EF1CB01664005FED53 /* YATimerBridge.m */,
			);
			path = YATimer;
			sourceTree = "<group>";
		};
/* End PBXGroup section */

/* Begin PBXNativeTarget section */
		7F59D1B41CB0161C005FED53 /* YATimerDemo */ = {
			isa = PBXNativeTarget;
			buildConfigurationList = 7F59D1E21CB0161C005FED53 /* Build configuration list for PBXNativeTarget "YATimerDemo" */;
			buildPhases = (
				7F59D1B11CB0161C005FED53 /* Sources */,
				7F59D1B21CB0161C005FED53 /* Frameworks */,
				7F59D1B31CB0161C005FED53 /* Resources */,
			);
			buildRules = (
			);
			dependencies = (
			);
			name = YATimerDemo;
			productName = YATimerDemo;
			productReference = 7F59D1B51CB0161C005FED53 /* YATimerDemo.app */;
			productType = "com.apple.product-type.application";
		};
		7F59D1CD1CB0161C005FED53 /* YATimerDemoTests */ = {
			isa = PBXNativeTarget;
			buildConfigurationList = 7F59D1E51CB0161C005FED53 /* Build configuration list for PBXNativeTarget "YATimerDemoTests" */;
			buildPhases = (
				7F59D1CA1CB0161C005FED53 /* Sources */,
				7F59D1CB1CB0161C005FED53 /* Frameworks */,
				7F59D1CC1CB0161C005FED53 /* Resources */,
			);
			buildRules = (
			);
			dependencies = (
				7F59D1D01CB0161C005FED53 /* PBXTargetDependency */,
			);
			name = YATimerDemoTests;
			productName = YATimerDemoTests;
			productReference = 7F59D1CE1CB0161C005FED53 /* YATimerDemoTests.xctest */;
			productType = "com.apple.product-type.bundle.unit-test";
		};
		7F59D1D81CB0161C005FED53 /* YATimerDemoUITests */ = {
			isa = PBXNativeTarget;
			buildConfigurationList = 7F59D1E81CB0161C005FED53 /* Build configuration list for PBXNativeTarget "YATimerDemoUITests" */;
			buildPhases = (
				7F59D1D51CB0161C005FED53 /* Sources */,
				7F59D1D61CB0161C005FED53 /* Frameworks */,
				7F59D1D71CB0161C005FED53 /* Resources */,
			);
			buildRules = (
			);
			dependencies = (
				7F59D1DB1CB0161C005FED53 /* PBXTargetDependency */,
			);
			name = YATimerDemoUITests;
			productName = YATimerDemoUITests;
			productReference = 7F59D1D91CB0161C005FED53 /* YATimerDemoUITests.xctest */;
			productType = "com.apple.product-type.bundle.ui-testing";
		};
/* End PBXNativeTarget section */

/* Begin PBXProject section */
		7F59D1AD1CB0161C005FED53 /* Project object */ = {
			isa = PBXProject;
			attributes = {
				LastUpgradeCheck = 0710;
				ORGANIZATIONNAME = heyalu;
				TargetAttributes = {
					7F59D1B41CB0161C005FED53 = {
						CreatedOnToolsVersion = 7.1.1;
						DevelopmentTeam = V82KTSYL2C;
					};
					7F59D1CD1CB0161C005FED53 = {
						CreatedOnToolsVersion = 7.1.1;
						DevelopmentTeam = V82KTSYL2C;
						TestTargetID = 7F59D1B41CB0161C005FED53;
					};
					7F59D1D81CB0161C005FED53 = {
						CreatedOnToolsVersion = 7.1.1;
						DevelopmentTeam = V82KTSYL2C;
						TestTargetID = 7F59D1B41CB0161C005FED53;
					};
				};
			};
			buildConfigurationList = 7F59D1B01CB0161C005FED53 /* Build configuration list for PBXProject "YATimerDemo" */;
			compatibilityVersion = "Xcode 3.2";
			developmentRegion = English;
			hasScannedForEncodings = 0;
			knownRegions = (
				en,
				Base,
			);
			mainGroup = 7F59D1AC1CB0161C005FED53;
			productRefGroup = 7F59D1B61CB0161C005FED53 /* Products */;
			projectDirPath = "";
			projectRoot = "";
			targets = (
				7F59D1B41CB0161C005FED53 /* YATimerDemo */,
				7F59D1CD1CB0161C005FED53 /* YATimerDemoTests */,
				7F59D1D81CB0161C005FED53 /* YATimerDemoUITests */,
			);
		};
/* End PBXProject section */

/* Begin PBXResourcesBuildPhase section */
		7F59D1B31CB0161C005FED53 /* Resources */ = {
			isa = PBXResourcesBuildPhase;
			buildActionMask = 2147483647;
			files = (
				7F59D1C81CB0161C005FED53 /* LaunchScreen.storyboard in Resources */,
				7F59D1C51CB0161C005FED53 /* Assets.xcassets in Resources */,
				7F59D1C31CB0161C005FED53 /* Main.storyboard in Resources */,
			);
			runOnlyForDeploymentPostprocessing = 0;
		};
		7F59D1CC1CB0161C005FED53 /* Resources */ = {
			isa = PBXResourcesBuildPhase;
			buildActionMask = 2147483647;
			files = (
			);
			runOnlyForDeploymentPostprocessing = 0;
		};
		7F59D1D71CB0161C005FED53 /* Resources */ = {
			isa = PBXResourcesBuildPhase;
			buildActionMask = 2147483647;
			files = (
			);
			runOnlyForDeploymentPostprocessing = 0;
		};
/* End PBXResourcesBuildPhase section */

/* Begin PBXSourcesBuildPhase section */
		7F59D1B11CB0161C005FED53 /* Sources */ = {
			isa = PBXSourcesBuildPhase;
			buildActionMask = 2147483647;
			files = (
				7F59D1C01CB0161C005FED53 /* ViewController.m in Sources */,
				7F59D1F11CB01664005FED53 /* YATimerBridge.m in Sources */,
				7F59D1BD1CB0161C005FED53 /* AppDelegate.m in Sources */,
				7F59D1BA1CB0161C005FED53 /* main.m in Sources */,
				7F59D1F01CB01664005FED53 /* YATimer.m in Sources */,
			);
			runOnlyForDeploymentPostprocessing = 0;
		};
		7F59D1CA1CB0161C005FED53 /* Sources */ = {
			isa = PBXSourcesBuildPhase;
			buildActionMask = 2147483647;
			files = (
				7F59D1D31CB0161C005FED53 /* YATimerDemoTests.m in Sources */,
			);
			runOnlyForDeploymentPostprocessing = 0;
		};
		7F59D1D51CB0161C005FED53 /* Sources */ = {
			isa = PBXSourcesBuildPhase;
			buildActionMask = 2147483647;
			files = (
				7F59D1DE1CB0161C005FED53 /* YATimerDemoUITests.m in Sources */,
			);
			runOnlyForDeploymentPostprocessing = 0;
		};
/* End PBXSourcesBuildPhase section */

/* Begin PBXTargetDependency section */
		7F59D1D01CB0161C005FED53 /* PBXTargetDependency */ = {
			isa = PBXTargetDependency;
			target = 7F59D1B41CB0161C005FED53 /* YATimerDemo */;
			targetProxy = 7F59D1CF1CB0161C005FED53 /* PBXContainerItemProxy */;
		};
		7F59D1DB1CB0161C005FED53 /* PBXTargetDependency */ = {
			isa = PBXTargetDependency;
			target = 7F59D1B41CB0161C005FED53 /* YATimerDemo */;
			targetProxy = 7F59D1DA1CB0161C005FED53 /* PBXContainerItemProxy */;
		};
/* End PBXTargetDependency section */

/* Begin PBXVariantGroup section */
		7F59D1C11CB0161C005FED53 /* Main.storyboard */ = {
			isa = PBXVariantGroup;
			children = (
				7F59D1C21CB0161C005FED53 /* Base */,
			);
			name = Main.storyboard;
			sourceTree = "<group>";
		};
		7F59D1C61CB0161C005FED53 /* LaunchScreen.storyboard */ = {
			isa = PBXVariantGroup;
			children = (
				7F59D1C71CB0161C005FED53 /* Base */,
			);
			name = LaunchScreen.storyboard;
			sourceTree = "<group>";
		};
/* End PBXVariantGroup section */

/* Begin XCBuildConfiguration section */
		7F59D1E01CB0161C005FED53 /* Debug */ = {
			isa = XCBuildConfiguration;
			buildSettings = {
				ALWAYS_SEARCH_USER_PATHS = NO;
				CLANG_CXX_LANGUAGE_STANDARD = "gnu++0x";
				CLANG_CXX_LIBRARY = "libc++";
				CLANG_ENABLE_MODULES = YES;
				CLANG_ENABLE_OBJC_ARC = YES;
				CLANG_WARN_BOOL_CONVERSION = YES;
				CLANG_WARN_CONSTANT_CONVERSION = YES;
				CLANG_WARN_DIRECT_OBJC_ISA_USAGE = YES_ERROR;
				CLANG_WARN_EMPTY_BODY = YES;
				CLANG_WARN_ENUM_CONVERSION = YES;
				CLANG_WARN_INT_CONVERSION = YES;
				CLANG_WARN_OBJC_ROOT_CLASS = YES_ERROR;
				CLANG_WARN_UNREACHABLE_CODE = YES;
				CLANG_WARN__DUPLICATE_METHOD_MATCH = YES;
				"CODE_SIGN_IDENTITY[sdk=iphoneos*]" = "iPhone Developer";
				COPY_PHASE_STRIP = NO;
				DEBUG_INFORMATION_FORMAT = dwarf;
				ENABLE_STRICT_OBJC_MSGSEND = YES;
				ENABLE_TESTABILITY = YES;
				GCC_C_LANGUAGE_STANDARD = gnu99;
				GCC_DYNAMIC_NO_PIC = NO;
				GCC_NO_COMMON_BLOCKS = YES;
				GCC_OPTIMIZATION_LEVEL = 0;
				GCC_PREPROCESSOR_DEFINITIONS = (
					"DEBUG=1",
					"$(inherited)",
				);
				GCC_WARN_64_TO_32_BIT_CONVERSION = YES;
				GCC_WARN_ABOUT_RETURN_TYPE = YES_ERROR;
				GCC_WARN_UNDECLARED_SELECTOR = YES;
				GCC_WARN_UNINITIALIZED_AUTOS = YES_AGGRESSIVE;
				GCC_WARN_UNUSED_FUNCTION = YES;
				GCC_WARN_UNUSED_VARIABLE = YES;
				IPHONEOS_DEPLOYMENT_TARGET = 9.1;
				MTL_ENABLE_DEBUG_INFO = YES;
				ONLY_ACTIVE_ARCH = YES;
				SDKROOT = iphoneos;
				TARGETED_DEVICE_FAMILY = "1,2";
			};
			name = Debug;
		};
		7F59D1E11CB0161C005FED53 /* Release */ = {
			isa = XCBuildConfiguration;
			buildSettings = {
				ALWAYS_SEARCH_USER_PATHS = NO;
				CLANG_CXX_LANGUAGE_STANDARD = "gnu++0x";
				CLANG_CXX_LIBRARY = "libc++";
				CLANG_ENABLE_MODULES = YES;
				CLANG_ENABLE_OBJC_ARC = YES;
				CLANG_WARN_BOOL_CONVERSION = YES;
				CLANG_WARN_CONSTANT_CONVERSION = YES;
				CLANG_WARN_DIRECT_OBJC_ISA_USAGE = YES_ERROR;
				CLANG_WARN_EMPTY_BODY = YES;
				CLANG_WARN_ENUM_CONVERSION = YES;
				CLANG_WARN_INT_CONVERSION = YES;
				CLANG_WARN_OBJC_ROOT_CLASS = YES_ERROR;
				CLANG_WARN_UNREACHABLE_CODE = YES;
				CLANG_WARN__DUPLICATE_METHOD_MATCH = YES;
				"CODE_SIGN_IDENTITY[sdk=iphoneos*]" = "iPhone Developer";
				COPY_PHASE_STRIP = NO;
				DEBUG_INFORMATION_FORMAT = "dwarf-with-dsym";
				ENABLE_NS_ASSERTIONS = NO;
				ENABLE_STRICT_OBJC_MSGSEND = YES;
				GCC_C_LANGUAGE_STANDARD = gnu99;
				GCC_NO_COMMON_BLOCKS = YES;
				GCC_WARN_64_TO_32_BIT_CONVERSION = YES;
				GCC_WARN_ABOUT_RETURN_TYPE = YES_ERROR;
				GCC_WARN_UNDECLARED_SELECTOR = YES;
				GCC_WARN_UNINITIALIZED_AUTOS = YES_AGGRESSIVE;
				GCC_WARN_UNUSED_FUNCTION = YES;
				GCC_WARN_UNUSED_VARIABLE = YES;
				IPHONEOS_DEPLOYMENT_TARGET = 9.1;
				MTL_ENABLE_DEBUG_INFO = NO;
				SDKROOT = iphoneos;
				TARGETED_DEVICE_FAMILY = "1,2";
				VALIDATE_PRODUCT = YES;
			};
			name = Release;
		};
		7F59D1E31CB0161C005FED53 /* Debug */ = {
			isa = XCBuildConfiguration;
			buildSettings = {
				ASSETCATALOG_COMPILER_APPICON_NAME = AppIcon;
				INFOPLIST_FILE = YATimerDemo/Info.plist;
				IPHONEOS_DEPLOYMENT_TARGET = 8.1;
				LD_RUNPATH_SEARCH_PATHS = "$(inherited) @executable_path/Frameworks";
				PRODUCT_BUNDLE_IDENTIFIER = heyalu.YATimerDemo;
				PRODUCT_NAME = "$(TARGET_NAME)";
			};
			name = Debug;
		};
		7F59D1E41CB0161C005FED53 /* Release */ = {
			isa = XCBuildConfiguration;
			buildSettings = {
				ASSETCATALOG_COMPILER_APPICON_NAME = AppIcon;
				INFOPLIST_FILE = YATimerDemo/Info.plist;
				IPHONEOS_DEPLOYMENT_TARGET = 8.1;
				LD_RUNPATH_SEARCH_PATHS = "$(inherited) @executable_path/Frameworks";
				PRODUCT_BUNDLE_IDENTIFIER = heyalu.YATimerDemo;
				PRODUCT_NAME = "$(TARGET_NAME)";
			};
			name = Release;
		};
		7F59D1E61CB0161C005FED53 /* Debug */ = {
			isa = XCBuildConfiguration;
			buildSettings = {
				BUNDLE_LOADER = "$(TEST_HOST)";
				INFOPLIST_FILE = YATimerDemoTests/Info.plist;
				LD_RUNPATH_SEARCH_PATHS = "$(inherited) @executable_path/Frameworks @loader_path/Frameworks";
				PRODUCT_BUNDLE_IDENTIFIER = heyalu.YATimerDemoTests;
				PRODUCT_NAME = "$(TARGET_NAME)";
				TEST_HOST = "$(BUILT_PRODUCTS_DIR)/YATimerDemo.app/YATimerDemo";
			};
			name = Debug;
		};
		7F59D1E71CB0161C005FED53 /* Release */ = {
			isa = XCBuildConfiguration;
			buildSettings = {
				BUNDLE_LOADER = "$(TEST_HOST)";
				INFOPLIST_FILE = YATimerDemoTests/Info.plist;
				LD_RUNPATH_SEARCH_PATHS = "$(inherited) @executable_path/Frameworks @loader_path/Frameworks";
				PRODUCT_BUNDLE_IDENTIFIER = heyalu.YATimerDemoTests;
				PRODUCT_NAME = "$(TARGET_NAME)";
				TEST_HOST = "$(BUILT_PRODUCTS_DIR)/YATimerDemo.app/YATimerDemo";
			};
			name = Release;
		};
		7F59D1E91CB0161C005FED53 /* Debug */ = {
			isa = XCBuildConfiguration;
			buildSettings = {
				INFOPLIST_FILE = YATimerDemoUITests/Info.plist;
				LD_RUNPATH_SEARCH_PATHS = "$(inherited) @executable_path/Frameworks @loader_path/Frameworks";
				PRODUCT_BUNDLE_IDENTIFIER = heyalu.YATimerDemoUITests;
				PRODUCT_NAME = "$(TARGET_NAME)";
				TEST_TARGET_NAME = YATimerDemo;
				USES_XCTRUNNER = YES;
			};
			name = Debug;
		};
		7F59D1EA1CB0161C005FED53 /* Release */ = {
			isa = XCBuildConfiguration;
			buildSettings = {
				INFOPLIST_FILE = YATimerDemoUITests/Info.plist;
				LD_RUNPATH_SEARCH_PATHS = "$(inherited) @executable_path/Frameworks @loader_path/Frameworks";
				PRODUCT_BUNDLE_IDENTIFIER = heyalu.YATimerDemoUITests;
				PRODUCT_NAME = "$(TARGET_NAME)";
				TEST_TARGET_NAME = YATimerDemo;
				USES_XCTRUNNER = YES;
			};
			name = Release;
		};
/* End XCBuildConfiguration section */

/* Begin XCConfigurationList section */
		7F59D1B01CB0161C005FED53 /* Build configuration list for PBXProject "YATimerDemo" */ = {
			isa = XCConfigurationList;
			buildConfigurations = (
				7F59D1E01CB0161C005FED53 /* Debug */,
				7F59D1E11CB0161C005FED53 /* Release */,
			);
			defaultConfigurationIsVisible = 0;
			defaultConfigurationName = Release;
		};
		7F59D1E21CB0161C005FED53 /* Build configuration list for PBXNativeTarget "YATimerDemo" */ = {
			isa = XCConfigurationList;
			buildConfigurations = (
				7F59D1E31CB0161C005FED53 /* Debug */,
				7F59D1E41CB0161C005FED53 /* Release */,
			);
			defaultConfigurationIsVisible = 0;
		};
		7F59D1E51CB0161C005FED53 /* Build configuration list for PBXNativeTarget "YATimerDemoTests" */ = {
			isa = XCConfigurationList;
			buildConfigurations = (
				7F59D1E61CB0161C005FED53 /* Debug */,
				7F59D1E71CB0161C005FED53 /* Release */,
			);
			defaultConfigurationIsVisible = 0;
		};
		7F59D1E81CB0161C005FED53 /* Build configuration list for PBXNativeTarget "YATimerDemoUITests" */ = {
			isa = XCConfigurationList;
			buildConfigurations = (
				7F59D1E91CB0161C005FED53 /* Debug */,
				7F59D1EA1CB0161C005FED53 /* Release */,
			);
			defaultConfigurationIsVisible = 0;
		};
/* End XCConfigurationList section */
	};
	rootObject = 7F59D1AD1CB0161C005FED53 /* Project object */;
}
